
Microsoft Visual Studio Solution File, Format Version 12.00
# Visual Studio Version 16
VisualStudioVersion = 16.0.31025.194
MinimumVisualStudioVersion = 10.0.40219.1
Project("{FAE04EC0-301F-11D3-BF4B-00C04F79EFBC}") = "Do an 1", "Do an 1.csproj", "{4A2925F1-FC67-4C83-800B-628145681C26}"
EndProject
Global
	GlobalSection(SolutionConfigurationPlatforms) = preSolution
		Debug|Any CPU = Debug|Any CPU
		Release|Any CPU = Release|Any CPU
	EndGlobalSection
	GlobalSection(ProjectConfigurationPlatforms) = postSolution
		{4A2925F1-FC67-4C83-800B-628145681C26}.Debug|Any CPU.ActiveCfg = Debug|Any CPU
		{4A2925F1-FC67-4C83-800B-628145681C26}.Debug|Any CPU.Build.0 = Debug|Any CPU
		{4A2925F1-FC67-4C83-800B-628145681C26}.Release|Any CPU.ActiveCfg = Release|Any CPU
		{4A2925F1-FC67-4C83-800B-628145681C26}.Release|Any CPU.Build.0 = Release|Any CPU
	EndGlobalSection
	GlobalSection(SolutionProperties) = preSolution
		HideSolutionNode = FALSE
	EndGlobalSection
	GlobalSection(ExtensibilityGlobals) = postSolution
		SolutionGuid = {7AD4EE5F-DA00-4EF9-9599-F05DBA30DF0F}
	EndGlobalSection
EndGlobal
